
Microsoft Visual Studio Solution File, Format Version 12.00
# Visual Studio Version 16
VisualStudioVersion = 16.0.30225.117
MinimumVisualStudioVersion = 10.0.40219.1
Project("{888888A0-9F3D-457C-B088-3A5042F75D52}") = "ZappaRhythms", "ZappaRhythms.pyproj", "{2D9B0894-D356-4DDE-99C9-F72B9707BFFE}"
EndProject
Global
	GlobalSection(SolutionConfigurationPlatforms) = preSolution
		Debug|Any CPU = Debug|Any CPU
		Release|Any CPU = Release|Any CPU
	EndGlobalSection
	GlobalSection(ProjectConfigurationPlatforms) = postSolution
		{2D9B0894-D356-4DDE-99C9-F72B9707BFFE}.Debug|Any CPU.ActiveCfg = Debug|Any CPU
		{2D9B0894-D356-4DDE-99C9-F72B9707BFFE}.Release|Any CPU.ActiveCfg = Release|Any CPU
	EndGlobalSection
	GlobalSection(SolutionProperties) = preSolution
		HideSolutionNode = FALSE
	EndGlobalSection
	GlobalSection(ExtensibilityGlobals) = postSolution
		SolutionGuid = {2CFE346A-491C-484C-AEA4-8644ED55BF05}
	EndGlobalSection
EndGlobal
